// !$*UTF8*$!
{
	archiveVersion = 1;
	classes = {
	};
	objectVersion = 50;
	objects = {

/* Begin PBXBuildFile section */
		FE706A38214BAC9700D1060A /* MainTBC.swift in Sources */ = {isa = PBXBuildFile; fileRef = FE706A36214BAC9700D1060A /* MainTBC.swift */; };
		FE706A3B214BF18700D1060A /* MainTBC+CustomMethods.swift in Sources */ = {isa = PBXBuildFile; fileRef = FE706A3A214BF18700D1060A /* MainTBC+CustomMethods.swift */; };
		FE787BA4214A9E1A009EFD88 /* AppDelegate.swift in Sources */ = {isa = PBXBuildFile; fileRef = FE787BA3214A9E1A009EFD88 /* AppDelegate.swift */; };
		FE787BAB214A9E1C009EFD88 /* Assets.xcassets in Resources */ = {isa = PBXBuildFile; fileRef = FE787BAA214A9E1C009EFD88 /* Assets.xcassets */; };
		FE787BB9214A9EB6009EFD88 /* HomeVC.swift in Sources */ = {isa = PBXBuildFile; fileRef = FE787BB7214A9EB6009EFD88 /* HomeVC.swift */; };
		FE787BBA214A9EB6009EFD88 /* HomeVC.xib in Resources */ = {isa = PBXBuildFile; fileRef = FE787BB8214A9EB6009EFD88 /* HomeVC.xib */; };
		FE787BBC214AA4A1009EFD88 /* HomeVC+CustomMethods.swift in Sources */ = {isa = PBXBuildFile; fileRef = FE787BBB214AA4A1009EFD88 /* HomeVC+CustomMethods.swift */; };
/* End PBXBuildFile section */

/* Begin PBXFileReference section */
		FE706A36214BAC9700D1060A /* MainTBC.swift */ = {isa = PBXFileReference; lastKnownFileType = sourcecode.swift; path = MainTBC.swift; sourceTree = "<group>"; };
		FE706A3A214BF18700D1060A /* MainTBC+CustomMethods.swift */ = {isa = PBXFileReference; lastKnownFileType = sourcecode.swift; path = "MainTBC+CustomMethods.swift"; sourceTree = "<group>"; };
		FE706A3D214BF31700D1060A /* VerdanaPro-SemiBold.ttf */ = {isa = PBXFileReference; lastKnownFileType = file; path = "VerdanaPro-SemiBold.ttf"; sourceTree = "<group>"; };
		FE706A3E214BF31700D1060A /* VerdanaPro-Regular.ttf */ = {isa = PBXFileReference; lastKnownFileType = file; path = "VerdanaPro-Regular.ttf"; sourceTree = "<group>"; };
		FE706A3F214BF31700D1060A /* VerdanaPro-Bold.ttf */ = {isa = PBXFileReference; lastKnownFileType = file; path = "VerdanaPro-Bold.ttf"; sourceTree = "<group>"; };
		FE787BA0214A9E1A009EFD88 /* iDyslexic.app */ = {isa = PBXFileReference; explicitFileType = wrapper.application; includeInIndex = 0; path = iDyslexic.app; sourceTree = BUILT_PRODUCTS_DIR; };
		FE787BA3214A9E1A009EFD88 /* AppDelegate.swift */ = {isa = PBXFileReference; lastKnownFileType = sourcecode.swift; path = AppDelegate.swift; sourceTree = "<group>"; };
		FE787BAA214A9E1C009EFD88 /* Assets.xcassets */ = {isa = PBXFileReference; lastKnownFileType = folder.assetcatalog; path = Assets.xcassets; sourceTree = "<group>"; };
		FE787BAF214A9E1C009EFD88 /* Info.plist */ = {isa = PBXFileReference; lastKnownFileType = text.plist.xml; path = Info.plist; sourceTree = "<group>"; };
		FE787BB7214A9EB6009EFD88 /* HomeVC.swift */ = {isa = PBXFileReference; lastKnownFileType = sourcecode.swift; path = HomeVC.swift; sourceTree = "<group>"; };
		FE787BB8214A9EB6009EFD88 /* HomeVC.xib */ = {isa = PBXFileReference; lastKnownFileType = file.xib; path = HomeVC.xib; sourceTree = "<group>"; };
		FE787BBB214AA4A1009EFD88 /* HomeVC+CustomMethods.swift */ = {isa = PBXFileReference; lastKnownFileType = sourcecode.swift; path = "HomeVC+CustomMethods.swift"; sourceTree = "<group>"; };
/* End PBXFileReference section */

/* Begin PBXFrameworksBuildPhase section */
		FE787B9D214A9E1A009EFD88 /* Frameworks */ = {
			isa = PBXFrameworksBuildPhase;
			buildActionMask = 2147483647;
			files = (
			);
			runOnlyForDeploymentPostprocessing = 0;
		};
/* End PBXFrameworksBuildPhase section */

/* Begin PBXGroup section */
		FE706A35214BAC7A00D1060A /* MainTBC */ = {
			isa = PBXGroup;
			children = (
				FE706A36214BAC9700D1060A /* MainTBC.swift */,
				FE706A3A214BF18700D1060A /* MainTBC+CustomMethods.swift */,
			);
			path = MainTBC;
			sourceTree = "<group>";
		};
		FE706A3C214BF2FB00D1060A /* Fonts */ = {
			isa = PBXGroup;
			children = (
				FE706A3F214BF31700D1060A /* VerdanaPro-Bold.ttf */,
				FE706A3E214BF31700D1060A /* VerdanaPro-Regular.ttf */,
				FE706A3D214BF31700D1060A /* VerdanaPro-SemiBold.ttf */,
			);
			path = Fonts;
			sourceTree = "<group>";
		};
		FE787B97214A9E1A009EFD88 = {
			isa = PBXGroup;
			children = (
				FE787BA2214A9E1A009EFD88 /* iDyslexic */,
				FE787BA1214A9E1A009EFD88 /* Products */,
			);
			sourceTree = "<group>";
		};
		FE787BA1214A9E1A009EFD88 /* Products */ = {
			isa = PBXGroup;
			children = (
				FE787BA0214A9E1A009EFD88 /* iDyslexic.app */,
			);
			name = Products;
			sourceTree = "<group>";
		};
		FE787BA2214A9E1A009EFD88 /* iDyslexic */ = {
			isa = PBXGroup;
			children = (
				FE787BA3214A9E1A009EFD88 /* AppDelegate.swift */,
				FE787BB5214A9E9B009EFD88 /* Controllers */,
				FE706A3C214BF2FB00D1060A /* Fonts */,
				FE787BAA214A9E1C009EFD88 /* Assets.xcassets */,
				FE787BAF214A9E1C009EFD88 /* Info.plist */,
			);
			path = iDyslexic;
			sourceTree = "<group>";
		};
		FE787BB5214A9E9B009EFD88 /* Controllers */ = {
			isa = PBXGroup;
			children = (
				FE706A35214BAC7A00D1060A /* MainTBC */,
				FE787BB6214A9EA1009EFD88 /* HomeVC */,
			);
			path = Controllers;
			sourceTree = "<group>";
		};
		FE787BB6214A9EA1009EFD88 /* HomeVC */ = {
			isa = PBXGroup;
			children = (
				FE787BB7214A9EB6009EFD88 /* HomeVC.swift */,
				FE787BB8214A9EB6009EFD88 /* HomeVC.xib */,
				FE787BBB214AA4A1009EFD88 /* HomeVC+CustomMethods.swift */,
			);
			path = HomeVC;
			sourceTree = "<group>";
		};
/* End PBXGroup section */

/* Begin PBXNativeTarget section */
		FE787B9F214A9E1A009EFD88 /* iDyslexic */ = {
			isa = PBXNativeTarget;
			buildConfigurationList = FE787BB2214A9E1C009EFD88 /* Build configuration list for PBXNativeTarget "iDyslexic" */;
			buildPhases = (
				FE787B9C214A9E1A009EFD88 /* Sources */,
				FE787B9D214A9E1A009EFD88 /* Frameworks */,
				FE787B9E214A9E1A009EFD88 /* Resources */,
			);
			buildRules = (
			);
			dependencies = (
			);
			name = iDyslexic;
			productName = iDyslexic;
			productReference = FE787BA0214A9E1A009EFD88 /* iDyslexic.app */;
			productType = "com.apple.product-type.application";
		};
/* End PBXNativeTarget section */

/* Begin PBXProject section */
		FE787B98214A9E1A009EFD88 /* Project object */ = {
			isa = PBXProject;
			attributes = {
				LastSwiftUpdateCheck = 0940;
				LastUpgradeCheck = 0940;
				ORGANIZATIONNAME = "Heveliev Ivan";
				TargetAttributes = {
					FE787B9F214A9E1A009EFD88 = {
						CreatedOnToolsVersion = 9.4.1;
					};
				};
			};
			buildConfigurationList = FE787B9B214A9E1A009EFD88 /* Build configuration list for PBXProject "iDyslexic" */;
			compatibilityVersion = "Xcode 9.3";
			developmentRegion = en;
			hasScannedForEncodings = 0;
			knownRegions = (
				en,
				Base,
			);
			mainGroup = FE787B97214A9E1A009EFD88;
			productRefGroup = FE787BA1214A9E1A009EFD88 /* Products */;
			projectDirPath = "";
			projectRoot = "";
			targets = (
				FE787B9F214A9E1A009EFD88 /* iDyslexic */,
			);
		};
/* End PBXProject section */

/* Begin PBXResourcesBuildPhase section */
		FE787B9E214A9E1A009EFD88 /* Resources */ = {
			isa = PBXResourcesBuildPhase;
			buildActionMask = 2147483647;
			files = (
				FE787BAB214A9E1C009EFD88 /* Assets.xcassets in Resources */,
				FE787BBA214A9EB6009EFD88 /* HomeVC.xib in Resources */,
			);
			runOnlyForDeploymentPostprocessing = 0;
		};
/* End PBXResourcesBuildPhase section */

/* Begin PBXSourcesBuildPhase section */
		FE787B9C214A9E1A009EFD88 /* Sources */ = {
			isa = PBXSourcesBuildPhase;
			buildActionMask = 2147483647;
			files = (
				FE787BA4214A9E1A009EFD88 /* AppDelegate.swift in Sources */,
				FE787BBC214AA4A1009EFD88 /* HomeVC+CustomMethods.swift in Sources */,
				FE706A3B214BF18700D1060A /* MainTBC+CustomMethods.swift in Sources */,
				FE706A38214BAC9700D1060A /* MainTBC.swift in Sources */,
				FE787BB9214A9EB6009EFD88 /* HomeVC.swift in Sources */,
			);
			runOnlyForDeploymentPostprocessing = 0;
		};
/* End PBXSourcesBuildPhase section */

/* Begin XCBuildConfiguration section */
		FE787BB0214A9E1C009EFD88 /* Debug */ = {
			isa = XCBuildConfiguration;
			buildSettings = {
				ALWAYS_SEARCH_USER_PATHS = NO;
				CLANG_ANALYZER_NONNULL = YES;
				CLANG_ANALYZER_NUMBER_OBJECT_CONVERSION = YES_AGGRESSIVE;
				CLANG_CXX_LANGUAGE_STANDARD = "gnu++14";
				CLANG_CXX_LIBRARY = "libc++";
				CLANG_ENABLE_MODULES = YES;
				CLANG_ENABLE_OBJC_ARC = YES;
				CLANG_ENABLE_OBJC_WEAK = YES;
				CLANG_WARN_BLOCK_CAPTURE_AUTORELEASING = YES;
				CLANG_WARN_BOOL_CONVERSION = YES;
				CLANG_WARN_COMMA = YES;
				CLANG_WARN_CONSTANT_CONVERSION = YES;
				CLANG_WARN_DEPRECATED_OBJC_IMPLEMENTATIONS = YES;
				CLANG_WARN_DIRECT_OBJC_ISA_USAGE = YES_ERROR;
				CLANG_WARN_DOCUMENTATION_COMMENTS = YES;
				CLANG_WARN_EMPTY_BODY = YES;
				CLANG_WARN_ENUM_CONVERSION = YES;
				CLANG_WARN_INFINITE_RECURSION = YES;
				CLANG_WARN_INT_CONVERSION = YES;
				CLANG_WARN_NON_LITERAL_NULL_CONVERSION = YES;
				CLANG_WARN_OBJC_IMPLICIT_RETAIN_SELF = YES;
				CLANG_WARN_OBJC_LITERAL_CONVERSION = YES;
				CLANG_WARN_OBJC_ROOT_CLASS = YES_ERROR;
				CLANG_WARN_RANGE_LOOP_ANALYSIS = YES;
				CLANG_WARN_STRICT_PROTOTYPES = YES;
				CLANG_WARN_SUSPICIOUS_MOVE = YES;
				CLANG_WARN_UNGUARDED_AVAILABILITY = YES_AGGRESSIVE;
				CLANG_WARN_UNREACHABLE_CODE = YES;
				CLANG_WARN__DUPLICATE_METHOD_MATCH = YES;
				CODE_SIGN_IDENTITY = "iPhone Developer";
				COPY_PHASE_STRIP = NO;
				DEBUG_INFORMATION_FORMAT = dwarf;
				ENABLE_STRICT_OBJC_MSGSEND = YES;
				ENABLE_TESTABILITY = YES;
				GCC_C_LANGUAGE_STANDARD = gnu11;
				GCC_DYNAMIC_NO_PIC = NO;
				GCC_NO_COMMON_BLOCKS = YES;
				GCC_OPTIMIZATION_LEVEL = 0;
				GCC_PREPROCESSOR_DEFINITIONS = (
					"DEBUG=1",
					"$(inherited)",
				);
				GCC_WARN_64_TO_32_BIT_CONVERSION = YES;
				GCC_WARN_ABOUT_RETURN_TYPE = YES_ERROR;
				GCC_WARN_UNDECLARED_SELECTOR = YES;
				GCC_WARN_UNINITIALIZED_AUTOS = YES_AGGRESSIVE;
				GCC_WARN_UNUSED_FUNCTION = YES;
				GCC_WARN_UNUSED_VARIABLE = YES;
				IPHONEOS_DEPLOYMENT_TARGET = 11.4;
				MTL_ENABLE_DEBUG_INFO = YES;
				ONLY_ACTIVE_ARCH = YES;
				SDKROOT = iphoneos;
				SWIFT_ACTIVE_COMPILATION_CONDITIONS = DEBUG;
				SWIFT_OPTIMIZATION_LEVEL = "-Onone";
			};
			name = Debug;
		};
		FE787BB1214A9E1C009EFD88 /* Release */ = {
			isa = XCBuildConfiguration;
			buildSettings = {
				ALWAYS_SEARCH_USER_PATHS = NO;
				CLANG_ANALYZER_NONNULL = YES;
				CLANG_ANALYZER_NUMBER_OBJECT_CONVERSION = YES_AGGRESSIVE;
				CLANG_CXX_LANGUAGE_STANDARD = "gnu++14";
				CLANG_CXX_LIBRARY = "libc++";
				CLANG_ENABLE_MODULES = YES;
				CLANG_ENABLE_OBJC_ARC = YES;
				CLANG_ENABLE_OBJC_WEAK = YES;
				CLANG_WARN_BLOCK_CAPTURE_AUTORELEASING = YES;
				CLANG_WARN_BOOL_CONVERSION = YES;
				CLANG_WARN_COMMA = YES;
				CLANG_WARN_CONSTANT_CONVERSION = YES;
				CLANG_WARN_DEPRECATED_OBJC_IMPLEMENTATIONS = YES;
				CLANG_WARN_DIRECT_OBJC_ISA_USAGE = YES_ERROR;
				CLANG_WARN_DOCUMENTATION_COMMENTS = YES;
				CLANG_WARN_EMPTY_BODY = YES;
				CLANG_WARN_ENUM_CONVERSION = YES;
				CLANG_WARN_INFINITE_RECURSION = YES;
				CLANG_WARN_INT_CONVERSION = YES;
				CLANG_WARN_NON_LITERAL_NULL_CONVERSION = YES;
				CLANG_WARN_OBJC_IMPLICIT_RETAIN_SELF = YES;
				CLANG_WARN_OBJC_LITERAL_CONVERSION = YES;
				CLANG_WARN_OBJC_ROOT_CLASS = YES_ERROR;
				CLANG_WARN_RANGE_LOOP_ANALYSIS = YES;
				CLANG_WARN_STRICT_PROTOTYPES = YES;
				CLANG_WARN_SUSPICIOUS_MOVE = YES;
				CLANG_WARN_UNGUARDED_AVAILABILITY = YES_AGGRESSIVE;
				CLANG_WARN_UNREACHABLE_CODE = YES;
				CLANG_WARN__DUPLICATE_METHOD_MATCH = YES;
				CODE_SIGN_IDENTITY = "iPhone Developer";
				COPY_PHASE_STRIP = NO;
				DEBUG_INFORMATION_FORMAT = "dwarf-with-dsym";
				ENABLE_NS_ASSERTIONS = NO;
				ENABLE_STRICT_OBJC_MSGSEND = YES;
				GCC_C_LANGUAGE_STANDARD = gnu11;
				GCC_NO_COMMON_BLOCKS = YES;
				GCC_WARN_64_TO_32_BIT_CONVERSION = YES;
				GCC_WARN_ABOUT_RETURN_TYPE = YES_ERROR;
				GCC_WARN_UNDECLARED_SELECTOR = YES;
				GCC_WARN_UNINITIALIZED_AUTOS = YES_AGGRESSIVE;
				GCC_WARN_UNUSED_FUNCTION = YES;
				GCC_WARN_UNUSED_VARIABLE = YES;
				IPHONEOS_DEPLOYMENT_TARGET = 11.4;
				MTL_ENABLE_DEBUG_INFO = NO;
				SDKROOT = iphoneos;
				SWIFT_COMPILATION_MODE = wholemodule;
				SWIFT_OPTIMIZATION_LEVEL = "-O";
				VALIDATE_PRODUCT = YES;
			};
			name = Release;
		};
		FE787BB3214A9E1C009EFD88 /* Debug */ = {
			isa = XCBuildConfiguration;
			buildSettings = {
				ASSETCATALOG_COMPILER_APPICON_NAME = AppIcon;
				CODE_SIGN_STYLE = Automatic;
				INFOPLIST_FILE = iDyslexic/Info.plist;
				LD_RUNPATH_SEARCH_PATHS = (
					"$(inherited)",
					"@executable_path/Frameworks",
				);
				PRODUCT_BUNDLE_IDENTIFIER = "Heveliev-Ivan.iDyslexic";
				PRODUCT_NAME = "$(TARGET_NAME)";
				SWIFT_VERSION = 4.0;
				TARGETED_DEVICE_FAMILY = "1,2";
			};
			name = Debug;
		};
		FE787BB4214A9E1C009EFD88 /* Release */ = {
			isa = XCBuildConfiguration;
			buildSettings = {
				ASSETCATALOG_COMPILER_APPICON_NAME = AppIcon;
				CODE_SIGN_STYLE = Automatic;
				INFOPLIST_FILE = iDyslexic/Info.plist;
				LD_RUNPATH_SEARCH_PATHS = (
					"$(inherited)",
					"@executable_path/Frameworks",
				);
				PRODUCT_BUNDLE_IDENTIFIER = "Heveliev-Ivan.iDyslexic";
				PRODUCT_NAME = "$(TARGET_NAME)";
				SWIFT_VERSION = 4.0;
				TARGETED_DEVICE_FAMILY = "1,2";
			};
			name = Release;
		};
/* End XCBuildConfiguration section */

/* Begin XCConfigurationList section */
		FE787B9B214A9E1A009EFD88 /* Build configuration list for PBXProject "iDyslexic" */ = {
			isa = XCConfigurationList;
			buildConfigurations = (
				FE787BB0214A9E1C009EFD88 /* Debug */,
				FE787BB1214A9E1C009EFD88 /* Release */,
			);
			defaultConfigurationIsVisible = 0;
			defaultConfigurationName = Release;
		};
		FE787BB2214A9E1C009EFD88 /* Build configuration list for PBXNativeTarget "iDyslexic" */ = {
			isa = XCConfigurationList;
			buildConfigurations = (
				FE787BB3214A9E1C009EFD88 /* Debug */,
				FE787BB4214A9E1C009EFD88 /* Release */,
			);
			defaultConfigurationIsVisible = 0;
			defaultConfigurationName = Release;
		};
/* End XCConfigurationList section */
	};
	rootObject = FE787B98214A9E1A009EFD88 /* Project object */;
}
